// !$*UTF8*$!
{
	archiveVersion = 1;
	classes = {
	};
	objectVersion = 55;
	objects = {

/* Begin PBXBuildFile section */
		C2E4524D27B42BB500E7E758 /* Virtual_Counting_ToolApp.swift in Sources */ = {isa = PBXBuildFile; fileRef = C2E4524C27B42BB500E7E758 /* Virtual_Counting_ToolApp.swift */; };
		C2E4524F27B42BB500E7E758 /* ContentView.swift in Sources */ = {isa = PBXBuildFile; fileRef = C2E4524E27B42BB500E7E758 /* ContentView.swift */; };
		C2E4525127B42BB600E7E758 /* Assets.xcassets in Resources */ = {isa = PBXBuildFile; fileRef = C2E4525027B42BB600E7E758 /* Assets.xcassets */; };
		C2E4525427B42BB600E7E758 /* Preview Assets.xcassets in Resources */ = {isa = PBXBuildFile; fileRef = C2E4525327B42BB600E7E758 /* Preview Assets.xcassets */; };
		C2E4525D27B42BFA00E7E758 /* MasterView.swift in Sources */ = {isa = PBXBuildFile; fileRef = C2E4525C27B42BFA00E7E758 /* MasterView.swift */; };
		C2E4525F27B42C0300E7E758 /* WelcomeView.swift in Sources */ = {isa = PBXBuildFile; fileRef = C2E4525E27B42C0300E7E758 /* WelcomeView.swift */; };
		C2E4526127B42C1000E7E758 /* Launch Screen.storyboard in Resources */ = {isa = PBXBuildFile; fileRef = C2E4526027B42C1000E7E758 /* Launch Screen.storyboard */; };
		C2E4526327B42CEB00E7E758 /* GifStruct.swift in Sources */ = {isa = PBXBuildFile; fileRef = C2E4526227B42CEB00E7E758 /* GifStruct.swift */; };
		C2E4526527B42D0300E7E758 /* VideoStruct.swift in Sources */ = {isa = PBXBuildFile; fileRef = C2E4526427B42D0300E7E758 /* VideoStruct.swift */; };
		C2E4526727B42F4100E7E758 /* vid.mp4 in Resources */ = {isa = PBXBuildFile; fileRef = C2E4526627B42F4100E7E758 /* vid.mp4 */; };
		C2E4526927B4304E00E7E758 /* CounterView.swift in Sources */ = {isa = PBXBuildFile; fileRef = C2E4526827B4304E00E7E758 /* CounterView.swift */; };
/* End PBXBuildFile section */

/* Begin PBXFileReference section */
		C2E4524927B42BB500E7E758 /* Virtual Counting Tool.app */ = {isa = PBXFileReference; explicitFileType = wrapper.application; includeInIndex = 0; path = "Virtual Counting Tool.app"; sourceTree = BUILT_PRODUCTS_DIR; };
		C2E4524C27B42BB500E7E758 /* Virtual_Counting_ToolApp.swift */ = {isa = PBXFileReference; lastKnownFileType = sourcecode.swift; path = Virtual_Counting_ToolApp.swift; sourceTree = "<group>"; };
		C2E4524E27B42BB500E7E758 /* ContentView.swift */ = {isa = PBXFileReference; lastKnownFileType = sourcecode.swift; path = ContentView.swift; sourceTree = "<group>"; };
		C2E4525027B42BB600E7E758 /* Assets.xcassets */ = {isa = PBXFileReference; lastKnownFileType = folder.assetcatalog; path = Assets.xcassets; sourceTree = "<group>"; };
		C2E4525327B42BB600E7E758 /* Preview Assets.xcassets */ = {isa = PBXFileReference; lastKnownFileType = folder.assetcatalog; path = "Preview Assets.xcassets"; sourceTree = "<group>"; };
		C2E4525C27B42BFA00E7E758 /* MasterView.swift */ = {isa = PBXFileReference; lastKnownFileType = sourcecode.swift; path = MasterView.swift; sourceTree = "<group>"; };
		C2E4525E27B42C0300E7E758 /* WelcomeView.swift */ = {isa = PBXFileReference; lastKnownFileType = sourcecode.swift; path = WelcomeView.swift; sourceTree = "<group>"; };
		C2E4526027B42C1000E7E758 /* Launch Screen.storyboard */ = {isa = PBXFileReference; lastKnownFileType = file.storyboard; path = "Launch Screen.storyboard"; sourceTree = "<group>"; };
		C2E4526227B42CEB00E7E758 /* GifStruct.swift */ = {isa = PBXFileReference; lastKnownFileType = sourcecode.swift; path = GifStruct.swift; sourceTree = "<group>"; };
		C2E4526427B42D0300E7E758 /* VideoStruct.swift */ = {isa = PBXFileReference; lastKnownFileType = sourcecode.swift; path = VideoStruct.swift; sourceTree = "<group>"; };
		C2E4526627B42F4100E7E758 /* vid.mp4 */ = {isa = PBXFileReference; lastKnownFileType = file; path = vid.mp4; sourceTree = "<group>"; };
		C2E4526827B4304E00E7E758 /* CounterView.swift */ = {isa = PBXFileReference; lastKnownFileType = sourcecode.swift; path = CounterView.swift; sourceTree = "<group>"; };
/* End PBXFileReference section */

/* Begin PBXFrameworksBuildPhase section */
		C2E4524627B42BB500E7E758 /* Frameworks */ = {
			isa = PBXFrameworksBuildPhase;
			buildActionMask = 2147483647;
			files = (
			);
			runOnlyForDeploymentPostprocessing = 0;
		};
/* End PBXFrameworksBuildPhase section */

/* Begin PBXGroup section */
		C2E4524027B42BB500E7E758 = {
			isa = PBXGroup;
			children = (
				C2E4524B27B42BB500E7E758 /* Virtual-Counting-Tool */,
				C2E4524A27B42BB500E7E758 /* Products */,
			);
			sourceTree = "<group>";
		};
		C2E4524A27B42BB500E7E758 /* Products */ = {
			isa = PBXGroup;
			children = (
				C2E4524927B42BB500E7E758 /* Virtual Counting Tool.app */,
			);
			name = Products;
			sourceTree = "<group>";
		};
		C2E4524B27B42BB500E7E758 /* Virtual-Counting-Tool */ = {
			isa = PBXGroup;
			children = (
				C2E4526627B42F4100E7E758 /* vid.mp4 */,
				C2E4524C27B42BB500E7E758 /* Virtual_Counting_ToolApp.swift */,
				C2E4525B27B42BDD00E7E758 /* Managers */,
				C2E4525A27B42BD100E7E758 /* Views */,
				C2E4525027B42BB600E7E758 /* Assets.xcassets */,
				C2E4525227B42BB600E7E758 /* Preview Content */,
			);
			path = "Virtual-Counting-Tool";
			sourceTree = "<group>";
		};
		C2E4525227B42BB600E7E758 /* Preview Content */ = {
			isa = PBXGroup;
			children = (
				C2E4525327B42BB600E7E758 /* Preview Assets.xcassets */,
			);
			path = "Preview Content";
			sourceTree = "<group>";
		};
		C2E4525A27B42BD100E7E758 /* Views */ = {
			isa = PBXGroup;
			children = (
				C2E4526027B42C1000E7E758 /* Launch Screen.storyboard */,
				C2E4524E27B42BB500E7E758 /* ContentView.swift */,
				C2E4525C27B42BFA00E7E758 /* MasterView.swift */,
				C2E4525E27B42C0300E7E758 /* WelcomeView.swift */,
				C2E4526827B4304E00E7E758 /* CounterView.swift */,
			);
			path = Views;
			sourceTree = "<group>";
		};
		C2E4525B27B42BDD00E7E758 /* Managers */ = {
			isa = PBXGroup;
			children = (
				C2E4526227B42CEB00E7E758 /* GifStruct.swift */,
				C2E4526427B42D0300E7E758 /* VideoStruct.swift */,
			);
			path = Managers;
			sourceTree = "<group>";
		};
/* End PBXGroup section */

/* Begin PBXNativeTarget section */
		C2E4524827B42BB500E7E758 /* Virtual-Counting-Tool */ = {
			isa = PBXNativeTarget;
			buildConfigurationList = C2E4525727B42BB600E7E758 /* Build configuration list for PBXNativeTarget "Virtual-Counting-Tool" */;
			buildPhases = (
				C2E4524527B42BB500E7E758 /* Sources */,
				C2E4524627B42BB500E7E758 /* Frameworks */,
				C2E4524727B42BB500E7E758 /* Resources */,
			);
			buildRules = (
			);
			dependencies = (
			);
			name = "Virtual-Counting-Tool";
			productName = "Virtual-Counting-Tool";
			productReference = C2E4524927B42BB500E7E758 /* Virtual Counting Tool.app */;
			productType = "com.apple.product-type.application";
		};
/* End PBXNativeTarget section */

/* Begin PBXProject section */
		C2E4524127B42BB500E7E758 /* Project object */ = {
			isa = PBXProject;
			attributes = {
				BuildIndependentTargetsInParallel = 1;
				LastSwiftUpdateCheck = 1320;
				LastUpgradeCheck = 1320;
				TargetAttributes = {
					C2E4524827B42BB500E7E758 = {
						CreatedOnToolsVersion = 13.2.1;
					};
				};
			};
			buildConfigurationList = C2E4524427B42BB500E7E758 /* Build configuration list for PBXProject "Virtual-Counting-Tool" */;
			compatibilityVersion = "Xcode 13.0";
			developmentRegion = en;
			hasScannedForEncodings = 0;
			knownRegions = (
				en,
				Base,
			);
			mainGroup = C2E4524027B42BB500E7E758;
			productRefGroup = C2E4524A27B42BB500E7E758 /* Products */;
			projectDirPath = "";
			projectRoot = "";
			targets = (
				C2E4524827B42BB500E7E758 /* Virtual-Counting-Tool */,
			);
		};
/* End PBXProject section */

/* Begin PBXResourcesBuildPhase section */
		C2E4524727B42BB500E7E758 /* Resources */ = {
			isa = PBXResourcesBuildPhase;
			buildActionMask = 2147483647;
			files = (
				C2E4526127B42C1000E7E758 /* Launch Screen.storyboard in Resources */,
				C2E4525427B42BB600E7E758 /* Preview Assets.xcassets in Resources */,
				C2E4526727B42F4100E7E758 /* vid.mp4 in Resources */,
				C2E4525127B42BB600E7E758 /* Assets.xcassets in Resources */,
			);
			runOnlyForDeploymentPostprocessing = 0;
		};
/* End PBXResourcesBuildPhase section */

/* Begin PBXSourcesBuildPhase section */
		C2E4524527B42BB500E7E758 /* Sources */ = {
			isa = PBXSourcesBuildPhase;
			buildActionMask = 2147483647;
			files = (
				C2E4526327B42CEB00E7E758 /* GifStruct.swift in Sources */,
				C2E4525D27B42BFA00E7E758 /* MasterView.swift in Sources */,
				C2E4526527B42D0300E7E758 /* VideoStruct.swift in Sources */,
				C2E4526927B4304E00E7E758 /* CounterView.swift in Sources */,
				C2E4524F27B42BB500E7E758 /* ContentView.swift in Sources */,
				C2E4524D27B42BB500E7E758 /* Virtual_Counting_ToolApp.swift in Sources */,
				C2E4525F27B42C0300E7E758 /* WelcomeView.swift in Sources */,
			);
			runOnlyForDeploymentPostprocessing = 0;
		};
/* End PBXSourcesBuildPhase section */

/* Begin XCBuildConfiguration section */
		C2E4525527B42BB600E7E758 /* Debug */ = {
			isa = XCBuildConfiguration;
			buildSettings = {
				ALWAYS_SEARCH_USER_PATHS = NO;
				CLANG_ANALYZER_NONNULL = YES;
				CLANG_ANALYZER_NUMBER_OBJECT_CONVERSION = YES_AGGRESSIVE;
				CLANG_CXX_LANGUAGE_STANDARD = "gnu++17";
				CLANG_CXX_LIBRARY = "libc++";
				CLANG_ENABLE_MODULES = YES;
				CLANG_ENABLE_OBJC_ARC = YES;
				CLANG_ENABLE_OBJC_WEAK = YES;
				CLANG_WARN_BLOCK_CAPTURE_AUTORELEASING = YES;
				CLANG_WARN_BOOL_CONVERSION = YES;
				CLANG_WARN_COMMA = YES;
				CLANG_WARN_CONSTANT_CONVERSION = YES;
				CLANG_WARN_DEPRECATED_OBJC_IMPLEMENTATIONS = YES;
				CLANG_WARN_DIRECT_OBJC_ISA_USAGE = YES_ERROR;
				CLANG_WARN_DOCUMENTATION_COMMENTS = YES;
				CLANG_WARN_EMPTY_BODY = YES;
				CLANG_WARN_ENUM_CONVERSION = YES;
				CLANG_WARN_INFINITE_RECURSION = YES;
				CLANG_WARN_INT_CONVERSION = YES;
				CLANG_WARN_NON_LITERAL_NULL_CONVERSION = YES;
				CLANG_WARN_OBJC_IMPLICIT_RETAIN_SELF = YES;
				CLANG_WARN_OBJC_LITERAL_CONVERSION = YES;
				CLANG_WARN_OBJC_ROOT_CLASS = YES_ERROR;
				CLANG_WARN_QUOTED_INCLUDE_IN_FRAMEWORK_HEADER = YES;
				CLANG_WARN_RANGE_LOOP_ANALYSIS = YES;
				CLANG_WARN_STRICT_PROTOTYPES = YES;
				CLANG_WARN_SUSPICIOUS_MOVE = YES;
				CLANG_WARN_UNGUARDED_AVAILABILITY = YES_AGGRESSIVE;
				CLANG_WARN_UNREACHABLE_CODE = YES;
				CLANG_WARN__DUPLICATE_METHOD_MATCH = YES;
				COPY_PHASE_STRIP = NO;
				DEBUG_INFORMATION_FORMAT = dwarf;
				ENABLE_STRICT_OBJC_MSGSEND = YES;
				ENABLE_TESTABILITY = YES;
				GCC_C_LANGUAGE_STANDARD = gnu11;
				GCC_DYNAMIC_NO_PIC = NO;
				GCC_NO_COMMON_BLOCKS = YES;
				GCC_OPTIMIZATION_LEVEL = 0;
				GCC_PREPROCESSOR_DEFINITIONS = (
					"DEBUG=1",
					"$(inherited)",
				);
				GCC_WARN_64_TO_32_BIT_CONVERSION = YES;
				GCC_WARN_ABOUT_RETURN_TYPE = YES_ERROR;
				GCC_WARN_UNDECLARED_SELECTOR = YES;
				GCC_WARN_UNINITIALIZED_AUTOS = YES_AGGRESSIVE;
				GCC_WARN_UNUSED_FUNCTION = YES;
				GCC_WARN_UNUSED_VARIABLE = YES;
				IPHONEOS_DEPLOYMENT_TARGET = 15.2;
				MTL_ENABLE_DEBUG_INFO = INCLUDE_SOURCE;
				MTL_FAST_MATH = YES;
				ONLY_ACTIVE_ARCH = YES;
				SDKROOT = iphoneos;
				SWIFT_ACTIVE_COMPILATION_CONDITIONS = DEBUG;
				SWIFT_OPTIMIZATION_LEVEL = "-Onone";
			};
			name = Debug;
		};
		C2E4525627B42BB600E7E758 /* Release */ = {
			isa = XCBuildConfiguration;
			buildSettings = {
				ALWAYS_SEARCH_USER_PATHS = NO;
				CLANG_ANALYZER_NONNULL = YES;
				CLANG_ANALYZER_NUMBER_OBJECT_CONVERSION = YES_AGGRESSIVE;
				CLANG_CXX_LANGUAGE_STANDARD = "gnu++17";
				CLANG_CXX_LIBRARY = "libc++";
				CLANG_ENABLE_MODULES = YES;
				CLANG_ENABLE_OBJC_ARC = YES;
				CLANG_ENABLE_OBJC_WEAK = YES;
				CLANG_WARN_BLOCK_CAPTURE_AUTORELEASING = YES;
				CLANG_WARN_BOOL_CONVERSION = YES;
				CLANG_WARN_COMMA = YES;
				CLANG_WARN_CONSTANT_CONVERSION = YES;
				CLANG_WARN_DEPRECATED_OBJC_IMPLEMENTATIONS = YES;
				CLANG_WARN_DIRECT_OBJC_ISA_USAGE = YES_ERROR;
				CLANG_WARN_DOCUMENTATION_COMMENTS = YES;
				CLANG_WARN_EMPTY_BODY = YES;
				CLANG_WARN_ENUM_CONVERSION = YES;
				CLANG_WARN_INFINITE_RECURSION = YES;
				CLANG_WARN_INT_CONVERSION = YES;
				CLANG_WARN_NON_LITERAL_NULL_CONVERSION = YES;
				CLANG_WARN_OBJC_IMPLICIT_RETAIN_SELF = YES;
				CLANG_WARN_OBJC_LITERAL_CONVERSION = YES;
				CLANG_WARN_OBJC_ROOT_CLASS = YES_ERROR;
				CLANG_WARN_QUOTED_INCLUDE_IN_FRAMEWORK_HEADER = YES;
				CLANG_WARN_RANGE_LOOP_ANALYSIS = YES;
				CLANG_WARN_STRICT_PROTOTYPES = YES;
				CLANG_WARN_SUSPICIOUS_MOVE = YES;
				CLANG_WARN_UNGUARDED_AVAILABILITY = YES_AGGRESSIVE;
				CLANG_WARN_UNREACHABLE_CODE = YES;
				CLANG_WARN__DUPLICATE_METHOD_MATCH = YES;
				COPY_PHASE_STRIP = NO;
				DEBUG_INFORMATION_FORMAT = "dwarf-with-dsym";
				ENABLE_NS_ASSERTIONS = NO;
				ENABLE_STRICT_OBJC_MSGSEND = YES;
				GCC_C_LANGUAGE_STANDARD = gnu11;
				GCC_NO_COMMON_BLOCKS = YES;
				GCC_WARN_64_TO_32_BIT_CONVERSION = YES;
				GCC_WARN_ABOUT_RETURN_TYPE = YES_ERROR;
				GCC_WARN_UNDECLARED_SELECTOR = YES;
				GCC_WARN_UNINITIALIZED_AUTOS = YES_AGGRESSIVE;
				GCC_WARN_UNUSED_FUNCTION = YES;
				GCC_WARN_UNUSED_VARIABLE = YES;
				IPHONEOS_DEPLOYMENT_TARGET = 15.2;
				MTL_ENABLE_DEBUG_INFO = NO;
				MTL_FAST_MATH = YES;
				SDKROOT = iphoneos;
				SWIFT_COMPILATION_MODE = wholemodule;
				SWIFT_OPTIMIZATION_LEVEL = "-O";
				VALIDATE_PRODUCT = YES;
			};
			name = Release;
		};
		C2E4525827B42BB600E7E758 /* Debug */ = {
			isa = XCBuildConfiguration;
			buildSettings = {
				ASSETCATALOG_COMPILER_APPICON_NAME = AppIcon;
				ASSETCATALOG_COMPILER_GLOBAL_ACCENT_COLOR_NAME = AccentColor;
				CODE_SIGN_STYLE = Automatic;
				CURRENT_PROJECT_VERSION = 1;
				DEVELOPMENT_ASSET_PATHS = "\"Virtual-Counting-Tool/Preview Content\"";
				DEVELOPMENT_TEAM = WF6F5UBRBL;
				ENABLE_PREVIEWS = YES;
				GENERATE_INFOPLIST_FILE = YES;
				INFOPLIST_KEY_UIApplicationSceneManifest_Generation = YES;
				INFOPLIST_KEY_UIApplicationSupportsIndirectInputEvents = YES;
				INFOPLIST_KEY_UILaunchScreen_Generation = YES;
				INFOPLIST_KEY_UISupportedInterfaceOrientations_iPad = "UIInterfaceOrientationPortrait UIInterfaceOrientationPortraitUpsideDown UIInterfaceOrientationLandscapeLeft UIInterfaceOrientationLandscapeRight";
				INFOPLIST_KEY_UISupportedInterfaceOrientations_iPhone = "UIInterfaceOrientationPortrait UIInterfaceOrientationLandscapeLeft UIInterfaceOrientationLandscapeRight";
				LD_RUNPATH_SEARCH_PATHS = (
					"$(inherited)",
					"@executable_path/Frameworks",
				);
				MARKETING_VERSION = 1.0.0;
				PRODUCT_BUNDLE_IDENTIFIER = "io.siub.Virtual-Counting-Tool";
				PRODUCT_NAME = "Virtual Counting Tool";
				SWIFT_EMIT_LOC_STRINGS = YES;
				SWIFT_VERSION = 5.0;
				TARGETED_DEVICE_FAMILY = "1,2";
			};
			name = Debug;
		};
		C2E4525927B42BB600E7E758 /* Release */ = {
			isa = XCBuildConfiguration;
			buildSettings = {
				ASSETCATALOG_COMPILER_APPICON_NAME = AppIcon;
				ASSETCATALOG_COMPILER_GLOBAL_ACCENT_COLOR_NAME = AccentColor;
				CODE_SIGN_STYLE = Automatic;
				CURRENT_PROJECT_VERSION = 1;
				DEVELOPMENT_ASSET_PATHS = "\"Virtual-Counting-Tool/Preview Content\"";
				DEVELOPMENT_TEAM = WF6F5UBRBL;
				ENABLE_PREVIEWS = YES;
				GENERATE_INFOPLIST_FILE = YES;
				INFOPLIST_KEY_UIApplicationSceneManifest_Generation = YES;
				INFOPLIST_KEY_UIApplicationSupportsIndirectInputEvents = YES;
				INFOPLIST_KEY_UILaunchScreen_Generation = YES;
				INFOPLIST_KEY_UISupportedInterfaceOrientations_iPad = "UIInterfaceOrientationPortrait UIInterfaceOrientationPortraitUpsideDown UIInterfaceOrientationLandscapeLeft UIInterfaceOrientationLandscapeRight";
				INFOPLIST_KEY_UISupportedInterfaceOrientations_iPhone = "UIInterfaceOrientationPortrait UIInterfaceOrientationLandscapeLeft UIInterfaceOrientationLandscapeRight";
				LD_RUNPATH_SEARCH_PATHS = (
					"$(inherited)",
					"@executable_path/Frameworks",
				);
				MARKETING_VERSION = 1.0.0;
				PRODUCT_BUNDLE_IDENTIFIER = "io.siub.Virtual-Counting-Tool";
				PRODUCT_NAME = "Virtual Counting Tool";
				SWIFT_EMIT_LOC_STRINGS = YES;
				SWIFT_VERSION = 5.0;
				TARGETED_DEVICE_FAMILY = "1,2";
			};
			name = Release;
		};
/* End XCBuildConfiguration section */

/* Begin XCConfigurationList section */
		C2E4524427B42BB500E7E758 /* Build configuration list for PBXProject "Virtual-Counting-Tool" */ = {
			isa = XCConfigurationList;
			buildConfigurations = (
				C2E4525527B42BB600E7E758 /* Debug */,
				C2E4525627B42BB600E7E758 /* Release */,
			);
			defaultConfigurationIsVisible = 0;
			defaultConfigurationName = Release;
		};
		C2E4525727B42BB600E7E758 /* Build configuration list for PBXNativeTarget "Virtual-Counting-Tool" */ = {
			isa = XCConfigurationList;
			buildConfigurations = (
				C2E4525827B42BB600E7E758 /* Debug */,
				C2E4525927B42BB600E7E758 /* Release */,
			);
			defaultConfigurationIsVisible = 0;
			defaultConfigurationName = Release;
		};
/* End XCConfigurationList section */
	};
	rootObject = C2E4524127B42BB500E7E758 /* Project object */;
}
